
Microsoft Visual Studio Solution File, Format Version 12.00
# Visual Studio 15
VisualStudioVersion = 15.0.27703.2047
MinimumVisualStudioVersion = 10.0.40219.1
Project("{FAE04EC0-301F-11D3-BF4B-00C04F79EFBC}") = "Library.Core", "Library.Core\Library.Core.csproj", "{D3F95735-6328-404E-8C68-6903E323E4B2}"
EndProject
Project("{FAE04EC0-301F-11D3-BF4B-00C04F79EFBC}") = "Library.Web", "Library.Web\Library.Web.csproj", "{499A4463-BF25-4FD6-A540-C372118C68B3}"
EndProject
Project("{FAE04EC0-301F-11D3-BF4B-00C04F79EFBC}") = "Library.Tests", "Library.Tests\Library.Tests.csproj", "{495D5CE6-39CE-4251-98B3-5F68D8D92EF4}"
EndProject
Global
	GlobalSection(SolutionConfigurationPlatforms) = preSolution
		Debug|Any CPU = Debug|Any CPU
		Release|Any CPU = Release|Any CPU
	EndGlobalSection
	GlobalSection(ProjectConfigurationPlatforms) = postSolution
		{D3F95735-6328-404E-8C68-6903E323E4B2}.Debug|Any CPU.ActiveCfg = Debug|Any CPU
		{D3F95735-6328-404E-8C68-6903E323E4B2}.Debug|Any CPU.Build.0 = Debug|Any CPU
		{D3F95735-6328-404E-8C68-6903E323E4B2}.Release|Any CPU.ActiveCfg = Release|Any CPU
		{D3F95735-6328-404E-8C68-6903E323E4B2}.Release|Any CPU.Build.0 = Release|Any CPU
		{499A4463-BF25-4FD6-A540-C372118C68B3}.Debug|Any CPU.ActiveCfg = Debug|Any CPU
		{499A4463-BF25-4FD6-A540-C372118C68B3}.Debug|Any CPU.Build.0 = Debug|Any CPU
		{499A4463-BF25-4FD6-A540-C372118C68B3}.Release|Any CPU.ActiveCfg = Release|Any CPU
		{499A4463-BF25-4FD6-A540-C372118C68B3}.Release|Any CPU.Build.0 = Release|Any CPU
		{495D5CE6-39CE-4251-98B3-5F68D8D92EF4}.Debug|Any CPU.ActiveCfg = Debug|Any CPU
		{495D5CE6-39CE-4251-98B3-5F68D8D92EF4}.Debug|Any CPU.Build.0 = Debug|Any CPU
		{495D5CE6-39CE-4251-98B3-5F68D8D92EF4}.Release|Any CPU.ActiveCfg = Release|Any CPU
		{495D5CE6-39CE-4251-98B3-5F68D8D92EF4}.Release|Any CPU.Build.0 = Release|Any CPU
	EndGlobalSection
	GlobalSection(SolutionProperties) = preSolution
		HideSolutionNode = FALSE
	EndGlobalSection
	GlobalSection(ExtensibilityGlobals) = postSolution
		SolutionGuid = {CAF18198-E731-4616-B44D-6ED924C3F096}
	EndGlobalSection
EndGlobal
