
Microsoft Visual Studio Solution File, Format Version 12.00
# Visual Studio 15
VisualStudioVersion = 15.0.27703.2047
MinimumVisualStudioVersion = 10.0.40219.1
Project("{FAE04EC0-301F-11D3-BF4B-00C04F79EFBC}") = "Library.Shared", "Library.Shared\Library.Shared.csproj", "{F6A08832-F490-405E-A2EF-B28C5EEC4E0F}"
EndProject
Project("{FAE04EC0-301F-11D3-BF4B-00C04F79EFBC}") = "Library.Web", "Library.Web\Library.Web.csproj", "{01D6AE23-DA52-4C41-BACD-866E78E0C339}"
EndProject
Project("{FAE04EC0-301F-11D3-BF4B-00C04F79EFBC}") = "Library.Tests", "Library.Tests\Library.Tests.csproj", "{1C62BC1C-81D2-408C-B462-CDF2AE9E784B}"
EndProject
Project("{FAE04EC0-301F-11D3-BF4B-00C04F79EFBC}") = "Library.Core", "Library.Core\Library.Core.csproj", "{D3F95735-6328-404E-8C68-6903E323E4B2}"
EndProject
Global
	GlobalSection(SolutionConfigurationPlatforms) = preSolution
		Debug|Any CPU = Debug|Any CPU
		Release|Any CPU = Release|Any CPU
	EndGlobalSection
	GlobalSection(ProjectConfigurationPlatforms) = postSolution
		{F6A08832-F490-405E-A2EF-B28C5EEC4E0F}.Debug|Any CPU.ActiveCfg = Debug|Any CPU
		{F6A08832-F490-405E-A2EF-B28C5EEC4E0F}.Debug|Any CPU.Build.0 = Debug|Any CPU
		{F6A08832-F490-405E-A2EF-B28C5EEC4E0F}.Release|Any CPU.ActiveCfg = Release|Any CPU
		{F6A08832-F490-405E-A2EF-B28C5EEC4E0F}.Release|Any CPU.Build.0 = Release|Any CPU
		{01D6AE23-DA52-4C41-BACD-866E78E0C339}.Debug|Any CPU.ActiveCfg = Debug|Any CPU
		{01D6AE23-DA52-4C41-BACD-866E78E0C339}.Debug|Any CPU.Build.0 = Debug|Any CPU
		{01D6AE23-DA52-4C41-BACD-866E78E0C339}.Release|Any CPU.ActiveCfg = Release|Any CPU
		{01D6AE23-DA52-4C41-BACD-866E78E0C339}.Release|Any CPU.Build.0 = Release|Any CPU
		{1C62BC1C-81D2-408C-B462-CDF2AE9E784B}.Debug|Any CPU.ActiveCfg = Debug|Any CPU
		{1C62BC1C-81D2-408C-B462-CDF2AE9E784B}.Debug|Any CPU.Build.0 = Debug|Any CPU
		{1C62BC1C-81D2-408C-B462-CDF2AE9E784B}.Release|Any CPU.ActiveCfg = Release|Any CPU
		{1C62BC1C-81D2-408C-B462-CDF2AE9E784B}.Release|Any CPU.Build.0 = Release|Any CPU
		{D3F95735-6328-404E-8C68-6903E323E4B2}.Debug|Any CPU.ActiveCfg = Debug|Any CPU
		{D3F95735-6328-404E-8C68-6903E323E4B2}.Debug|Any CPU.Build.0 = Debug|Any CPU
		{D3F95735-6328-404E-8C68-6903E323E4B2}.Release|Any CPU.ActiveCfg = Release|Any CPU
		{D3F95735-6328-404E-8C68-6903E323E4B2}.Release|Any CPU.Build.0 = Release|Any CPU
	EndGlobalSection
	GlobalSection(SolutionProperties) = preSolution
		HideSolutionNode = FALSE
	EndGlobalSection
	GlobalSection(ExtensibilityGlobals) = postSolution
		SolutionGuid = {CAF18198-E731-4616-B44D-6ED924C3F096}
	EndGlobalSection
EndGlobal
